
Microsoft Visual Studio Solution File, Format Version 12.00
# Visual Studio Version 16
VisualStudioVersion = 16.0.30420.98
MinimumVisualStudioVersion = 10.0.40219.1
Project("{FAE04EC0-301F-11D3-BF4B-00C04F79EFBC}") = "LocalizationBug", "LocalizationBug.csproj", "{67E78223-9E78-47BA-8A61-2136CFD3DD4B}"
EndProject
Project("{2150E333-8FDC-42A3-9474-1A3956D46DE8}") = "Solution Items", "Solution Items", "{A9EF19DC-8B28-4F74-9931-4F349D889761}"
	ProjectSection(SolutionItems) = preProject
		README.md = README.md
	EndProjectSection
EndProject
Global
	GlobalSection(SolutionConfigurationPlatforms) = preSolution
		Debug|Any CPU = Debug|Any CPU
		Release|Any CPU = Release|Any CPU
	EndGlobalSection
	GlobalSection(ProjectConfigurationPlatforms) = postSolution
		{67E78223-9E78-47BA-8A61-2136CFD3DD4B}.Debug|Any CPU.ActiveCfg = Debug|Any CPU
		{67E78223-9E78-47BA-8A61-2136CFD3DD4B}.Debug|Any CPU.Build.0 = Debug|Any CPU
		{67E78223-9E78-47BA-8A61-2136CFD3DD4B}.Release|Any CPU.ActiveCfg = Release|Any CPU
		{67E78223-9E78-47BA-8A61-2136CFD3DD4B}.Release|Any CPU.Build.0 = Release|Any CPU
	EndGlobalSection
	GlobalSection(SolutionProperties) = preSolution
		HideSolutionNode = FALSE
	EndGlobalSection
	GlobalSection(ExtensibilityGlobals) = postSolution
		SolutionGuid = {C30F3A3F-936B-43D5-BD22-B71594648E85}
	EndGlobalSection
EndGlobal
